// !$*UTF8*$!
{
	archiveVersion = 1;
	classes = {
	};
	objectVersion = 50;
	objects = {

/* Begin PBXBuildFile section */
		631510822397B064007C5425 /* hdr.metal in Sources */ = {isa = PBXBuildFile; fileRef = 6315107F2397B063007C5425 /* hdr.metal */; };
		631510832397B064007C5425 /* skybox.metal in Sources */ = {isa = PBXBuildFile; fileRef = 631510802397B063007C5425 /* skybox.metal */; };
		631510842397B064007C5425 /* brdf.metal in Sources */ = {isa = PBXBuildFile; fileRef = 631510812397B063007C5425 /* brdf.metal */; };
		633E7F16238971DA009A97CC /* MetalPixelBufferProducer.swift in Sources */ = {isa = PBXBuildFile; fileRef = 633E7F15238971DA009A97CC /* MetalPixelBufferProducer.swift */; };
		633E7F18238972A1009A97CC /* CAMetalRecordableLayer.swift in Sources */ = {isa = PBXBuildFile; fileRef = 633E7F17238972A1009A97CC /* CAMetalRecordableLayer.swift */; };
		633E7F1A238973D6009A97CC /* MTLPixelFormat.swift in Sources */ = {isa = PBXBuildFile; fileRef = 633E7F19238973D6009A97CC /* MTLPixelFormat.swift */; };
		633E7F1C2389750C009A97CC /* ARSCNViewRecordable.swift in Sources */ = {isa = PBXBuildFile; fileRef = 633E7F1B2389750C009A97CC /* ARSCNViewRecordable.swift */; };
		633E7F1E238A6F61009A97CC /* PixelBufferProducer.swift in Sources */ = {isa = PBXBuildFile; fileRef = 633E7F1D238A6F61009A97CC /* PixelBufferProducer.swift */; };
		6383CDF02385B16400A69B08 /* AppDelegate.swift in Sources */ = {isa = PBXBuildFile; fileRef = 6383CDEF2385B16400A69B08 /* AppDelegate.swift */; };
		6383CDF22385B16400A69B08 /* art.scnassets in Resources */ = {isa = PBXBuildFile; fileRef = 6383CDF12385B16400A69B08 /* art.scnassets */; };
		6383CDF42385B16400A69B08 /* ViewController.swift in Sources */ = {isa = PBXBuildFile; fileRef = 6383CDF32385B16400A69B08 /* ViewController.swift */; };
		6383CDF72385B16400A69B08 /* Main.storyboard in Resources */ = {isa = PBXBuildFile; fileRef = 6383CDF52385B16400A69B08 /* Main.storyboard */; };
		6383CDF92385B16500A69B08 /* Assets.xcassets in Resources */ = {isa = PBXBuildFile; fileRef = 6383CDF82385B16500A69B08 /* Assets.xcassets */; };
		6383CDFC2385B16500A69B08 /* LaunchScreen.storyboard in Resources */ = {isa = PBXBuildFile; fileRef = 6383CDFA2385B16500A69B08 /* LaunchScreen.storyboard */; };
		6383CE052385B98C00A69B08 /* FocusSquareSegment.swift in Sources */ = {isa = PBXBuildFile; fileRef = 6383CE032385B98C00A69B08 /* FocusSquareSegment.swift */; };
		6383CE062385B98C00A69B08 /* FocusSquare.swift in Sources */ = {isa = PBXBuildFile; fileRef = 6383CE042385B98C00A69B08 /* FocusSquare.swift */; };
		6383CE082385C39200A69B08 /* Extensions.swift in Sources */ = {isa = PBXBuildFile; fileRef = 6383CE072385C39200A69B08 /* Extensions.swift */; };
		6383CE0F2385D40100A69B08 /* GLTFSCN.framework in Frameworks */ = {isa = PBXBuildFile; fileRef = 6383CE0C2385D40100A69B08 /* GLTFSCN.framework */; };
		6383CE102385D40100A69B08 /* GLTFSCN.framework in Embed Frameworks */ = {isa = PBXBuildFile; fileRef = 6383CE0C2385D40100A69B08 /* GLTFSCN.framework */; settings = {ATTRIBUTES = (CodeSignOnCopy, RemoveHeadersOnCopy, ); }; };
		6383CE132385D99B00A69B08 /* Node.swift in Sources */ = {isa = PBXBuildFile; fileRef = 6383CE122385D99B00A69B08 /* Node.swift */; };
		63B0F2E9239BF9A900196029 /* MTKViewRecordable.swift in Sources */ = {isa = PBXBuildFile; fileRef = 63B0F2E8239BF9A900196029 /* MTKViewRecordable.swift */; };
		63B0F2EB239BFBF200196029 /* Renderer+Animations.swift in Sources */ = {isa = PBXBuildFile; fileRef = 63B0F2EA239BFBF200196029 /* Renderer+Animations.swift */; };
		63B0F335239F8F8A00196029 /* BlinnPhong.metal in Sources */ = {isa = PBXBuildFile; fileRef = 63B0F334239F8F8A00196029 /* BlinnPhong.metal */; };
		63B81798238D959B006846C8 /* MetalViewController.swift in Sources */ = {isa = PBXBuildFile; fileRef = 63B81797238D959B006846C8 /* MetalViewController.swift */; };
		63B8179D238D9684006846C8 /* Renderer.swift in Sources */ = {isa = PBXBuildFile; fileRef = 63B8179A238D9684006846C8 /* Renderer.swift */; };
		63B8179E238D9684006846C8 /* Shaders.metal in Sources */ = {isa = PBXBuildFile; fileRef = 63B8179B238D9684006846C8 /* Shaders.metal */; };
		63B817D1238EECD8006846C8 /* GLTFMTLUtilities.m in Sources */ = {isa = PBXBuildFile; fileRef = 63B817CB238EECD8006846C8 /* GLTFMTLUtilities.m */; };
		63B817D2238EECD8006846C8 /* GLTFMTLRenderer.m in Sources */ = {isa = PBXBuildFile; fileRef = 63B817CC238EECD8006846C8 /* GLTFMTLRenderer.m */; };
		63B817D3238EECD8006846C8 /* GLTFMTLLightingEnvironment.m in Sources */ = {isa = PBXBuildFile; fileRef = 63B817CD238EECD8006846C8 /* GLTFMTLLightingEnvironment.m */; };
		63B817D4238EECD8006846C8 /* GLTFMTLTextureLoader.m in Sources */ = {isa = PBXBuildFile; fileRef = 63B817CE238EECD8006846C8 /* GLTFMTLTextureLoader.m */; };
		63B817D5238EECD8006846C8 /* GLTFMTLShaderBuilder.m in Sources */ = {isa = PBXBuildFile; fileRef = 63B817CF238EECD8006846C8 /* GLTFMTLShaderBuilder.m */; };
		63B817D6238EECD8006846C8 /* GLTFMTLBufferAllocator.m in Sources */ = {isa = PBXBuildFile; fileRef = 63B817D0238EECD8006846C8 /* GLTFMTLBufferAllocator.m */; };
		63CB27112398165300C78DC7 /* GLTF.framework in Frameworks */ = {isa = PBXBuildFile; fileRef = 6383CE0B2385D40100A69B08 /* GLTF.framework */; };
		63CB27122398165300C78DC7 /* GLTF.framework in Embed Frameworks */ = {isa = PBXBuildFile; fileRef = 6383CE0B2385D40100A69B08 /* GLTF.framework */; settings = {ATTRIBUTES = (CodeSignOnCopy, RemoveHeadersOnCopy, ); }; };
/* End PBXBuildFile section */

/* Begin PBXCopyFilesBuildPhase section */
		6383CE112385D40100A69B08 /* Embed Frameworks */ = {
			isa = PBXCopyFilesBuildPhase;
			buildActionMask = 2147483647;
			dstPath = "";
			dstSubfolderSpec = 10;
			files = (
				6383CE102385D40100A69B08 /* GLTFSCN.framework in Embed Frameworks */,
				63CB27122398165300C78DC7 /* GLTF.framework in Embed Frameworks */,
			);
			name = "Embed Frameworks";
			runOnlyForDeploymentPostprocessing = 0;
		};
/* End PBXCopyFilesBuildPhase section */

/* Begin PBXFileReference section */
		6315107F2397B063007C5425 /* hdr.metal */ = {isa = PBXFileReference; fileEncoding = 4; lastKnownFileType = sourcecode.metal; path = hdr.metal; sourceTree = "<group>"; };
		631510802397B063007C5425 /* skybox.metal */ = {isa = PBXFileReference; fileEncoding = 4; lastKnownFileType = sourcecode.metal; path = skybox.metal; sourceTree = "<group>"; };
		631510812397B063007C5425 /* brdf.metal */ = {isa = PBXFileReference; fileEncoding = 4; lastKnownFileType = sourcecode.metal; path = brdf.metal; sourceTree = "<group>"; };
		633E7F15238971DA009A97CC /* MetalPixelBufferProducer.swift */ = {isa = PBXFileReference; fileEncoding = 4; lastKnownFileType = sourcecode.swift; path = MetalPixelBufferProducer.swift; sourceTree = "<group>"; };
		633E7F17238972A1009A97CC /* CAMetalRecordableLayer.swift */ = {isa = PBXFileReference; fileEncoding = 4; lastKnownFileType = sourcecode.swift; path = CAMetalRecordableLayer.swift; sourceTree = "<group>"; };
		633E7F19238973D6009A97CC /* MTLPixelFormat.swift */ = {isa = PBXFileReference; fileEncoding = 4; lastKnownFileType = sourcecode.swift; path = MTLPixelFormat.swift; sourceTree = "<group>"; };
		633E7F1B2389750C009A97CC /* ARSCNViewRecordable.swift */ = {isa = PBXFileReference; lastKnownFileType = sourcecode.swift; path = ARSCNViewRecordable.swift; sourceTree = "<group>"; };
		633E7F1D238A6F61009A97CC /* PixelBufferProducer.swift */ = {isa = PBXFileReference; lastKnownFileType = sourcecode.swift; path = PixelBufferProducer.swift; sourceTree = "<group>"; };
		6383CDEC2385B16400A69B08 /* SCN Cyberstar.app */ = {isa = PBXFileReference; explicitFileType = wrapper.application; includeInIndex = 0; path = "SCN Cyberstar.app"; sourceTree = BUILT_PRODUCTS_DIR; };
		6383CDEF2385B16400A69B08 /* AppDelegate.swift */ = {isa = PBXFileReference; lastKnownFileType = sourcecode.swift; path = AppDelegate.swift; sourceTree = "<group>"; };
		6383CDF12385B16400A69B08 /* art.scnassets */ = {isa = PBXFileReference; lastKnownFileType = wrapper.scnassets; path = art.scnassets; sourceTree = "<group>"; };
		6383CDF32385B16400A69B08 /* ViewController.swift */ = {isa = PBXFileReference; lastKnownFileType = sourcecode.swift; path = ViewController.swift; sourceTree = "<group>"; };
		6383CDF62385B16400A69B08 /* Base */ = {isa = PBXFileReference; lastKnownFileType = file.storyboard; name = Base; path = Base.lproj/Main.storyboard; sourceTree = "<group>"; };
		6383CDF82385B16500A69B08 /* Assets.xcassets */ = {isa = PBXFileReference; lastKnownFileType = folder.assetcatalog; path = Assets.xcassets; sourceTree = "<group>"; };
		6383CDFB2385B16500A69B08 /* Base */ = {isa = PBXFileReference; lastKnownFileType = file.storyboard; name = Base; path = Base.lproj/LaunchScreen.storyboard; sourceTree = "<group>"; };
		6383CDFD2385B16500A69B08 /* Info.plist */ = {isa = PBXFileReference; lastKnownFileType = text.plist.xml; path = Info.plist; sourceTree = "<group>"; };
		6383CE032385B98C00A69B08 /* FocusSquareSegment.swift */ = {isa = PBXFileReference; fileEncoding = 4; lastKnownFileType = sourcecode.swift; path = FocusSquareSegment.swift; sourceTree = "<group>"; };
		6383CE042385B98C00A69B08 /* FocusSquare.swift */ = {isa = PBXFileReference; fileEncoding = 4; lastKnownFileType = sourcecode.swift; path = FocusSquare.swift; sourceTree = "<group>"; };
		6383CE072385C39200A69B08 /* Extensions.swift */ = {isa = PBXFileReference; lastKnownFileType = sourcecode.swift; path = Extensions.swift; sourceTree = "<group>"; };
		6383CE0B2385D40100A69B08 /* GLTF.framework */ = {isa = PBXFileReference; lastKnownFileType = wrapper.framework; path = GLTF.framework; sourceTree = "<group>"; };
		6383CE0C2385D40100A69B08 /* GLTFSCN.framework */ = {isa = PBXFileReference; lastKnownFileType = wrapper.framework; path = GLTFSCN.framework; sourceTree = "<group>"; };
		6383CE122385D99B00A69B08 /* Node.swift */ = {isa = PBXFileReference; lastKnownFileType = sourcecode.swift; path = Node.swift; sourceTree = "<group>"; };
		63B0F2E8239BF9A900196029 /* MTKViewRecordable.swift */ = {isa = PBXFileReference; lastKnownFileType = sourcecode.swift; path = MTKViewRecordable.swift; sourceTree = "<group>"; };
		63B0F2EA239BFBF200196029 /* Renderer+Animations.swift */ = {isa = PBXFileReference; lastKnownFileType = sourcecode.swift; path = "Renderer+Animations.swift"; sourceTree = "<group>"; };
		63B0F334239F8F8A00196029 /* BlinnPhong.metal */ = {isa = PBXFileReference; fileEncoding = 4; lastKnownFileType = sourcecode.metal; path = BlinnPhong.metal; sourceTree = "<group>"; };
		63B81797238D959B006846C8 /* MetalViewController.swift */ = {isa = PBXFileReference; lastKnownFileType = sourcecode.swift; path = MetalViewController.swift; sourceTree = "<group>"; };
		63B8179A238D9684006846C8 /* Renderer.swift */ = {isa = PBXFileReference; fileEncoding = 4; lastKnownFileType = sourcecode.swift; path = Renderer.swift; sourceTree = "<group>"; };
		63B8179B238D9684006846C8 /* Shaders.metal */ = {isa = PBXFileReference; fileEncoding = 4; lastKnownFileType = sourcecode.metal; path = Shaders.metal; sourceTree = "<group>"; };
		63B8179F238D9874006846C8 /* ShaderTypes.h */ = {isa = PBXFileReference; lastKnownFileType = sourcecode.c.h; path = ShaderTypes.h; sourceTree = "<group>"; };
		63B817A0238D9892006846C8 /* SCN-Cyberstar-Bridging-Header.h */ = {isa = PBXFileReference; lastKnownFileType = sourcecode.c.h; path = "SCN-Cyberstar-Bridging-Header.h"; sourceTree = "<group>"; };
		63B817C4238EECD8006846C8 /* GLTFMTLShaderBuilder.h */ = {isa = PBXFileReference; fileEncoding = 4; lastKnownFileType = sourcecode.c.h; path = GLTFMTLShaderBuilder.h; sourceTree = "<group>"; };
		63B817C5238EECD8006846C8 /* GLTFMTLTextureLoader.h */ = {isa = PBXFileReference; fileEncoding = 4; lastKnownFileType = sourcecode.c.h; path = GLTFMTLTextureLoader.h; sourceTree = "<group>"; };
		63B817C6238EECD8006846C8 /* GLTFMTLBufferAllocator.h */ = {isa = PBXFileReference; fileEncoding = 4; lastKnownFileType = sourcecode.c.h; path = GLTFMTLBufferAllocator.h; sourceTree = "<group>"; };
		63B817C7238EECD8006846C8 /* GLTFMTLUtilities.h */ = {isa = PBXFileReference; fileEncoding = 4; lastKnownFileType = sourcecode.c.h; path = GLTFMTLUtilities.h; sourceTree = "<group>"; };
		63B817C8238EECD8006846C8 /* GLTFMTLRenderer.h */ = {isa = PBXFileReference; fileEncoding = 4; lastKnownFileType = sourcecode.c.h; path = GLTFMTLRenderer.h; sourceTree = "<group>"; };
		63B817C9238EECD8006846C8 /* GLTFMTLLightingEnvironment.h */ = {isa = PBXFileReference; fileEncoding = 4; lastKnownFileType = sourcecode.c.h; path = GLTFMTLLightingEnvironment.h; sourceTree = "<group>"; };
		63B817CB238EECD8006846C8 /* GLTFMTLUtilities.m */ = {isa = PBXFileReference; fileEncoding = 4; lastKnownFileType = sourcecode.c.objc; path = GLTFMTLUtilities.m; sourceTree = "<group>"; };
		63B817CC238EECD8006846C8 /* GLTFMTLRenderer.m */ = {isa = PBXFileReference; fileEncoding = 4; lastKnownFileType = sourcecode.c.objc; path = GLTFMTLRenderer.m; sourceTree = "<group>"; };
		63B817CD238EECD8006846C8 /* GLTFMTLLightingEnvironment.m */ = {isa = PBXFileReference; fileEncoding = 4; lastKnownFileType = sourcecode.c.objc; path = GLTFMTLLightingEnvironment.m; sourceTree = "<group>"; };
		63B817CE238EECD8006846C8 /* GLTFMTLTextureLoader.m */ = {isa = PBXFileReference; fileEncoding = 4; lastKnownFileType = sourcecode.c.objc; path = GLTFMTLTextureLoader.m; sourceTree = "<group>"; };
		63B817CF238EECD8006846C8 /* GLTFMTLShaderBuilder.m */ = {isa = PBXFileReference; fileEncoding = 4; lastKnownFileType = sourcecode.c.objc; path = GLTFMTLShaderBuilder.m; sourceTree = "<group>"; };
		63B817D0238EECD8006846C8 /* GLTFMTLBufferAllocator.m */ = {isa = PBXFileReference; fileEncoding = 4; lastKnownFileType = sourcecode.c.objc; path = GLTFMTLBufferAllocator.m; sourceTree = "<group>"; };
		63B817D7238EECDF006846C8 /* GLTFMTL.h */ = {isa = PBXFileReference; lastKnownFileType = sourcecode.c.h; path = GLTFMTL.h; sourceTree = "<group>"; };
/* End PBXFileReference section */

/* Begin PBXFrameworksBuildPhase section */
		6383CDE92385B16400A69B08 /* Frameworks */ = {
			isa = PBXFrameworksBuildPhase;
			buildActionMask = 2147483647;
			files = (
				6383CE0F2385D40100A69B08 /* GLTFSCN.framework in Frameworks */,
				63CB27112398165300C78DC7 /* GLTF.framework in Frameworks */,
			);
			runOnlyForDeploymentPostprocessing = 0;
		};
/* End PBXFrameworksBuildPhase section */

/* Begin PBXGroup section */
		633E7F14238971BB009A97CC /* PixelBufferProducer */ = {
			isa = PBXGroup;
			children = (
				633E7F15238971DA009A97CC /* MetalPixelBufferProducer.swift */,
				633E7F19238973D6009A97CC /* MTLPixelFormat.swift */,
				633E7F17238972A1009A97CC /* CAMetalRecordableLayer.swift */,
				633E7F1B2389750C009A97CC /* ARSCNViewRecordable.swift */,
				63B0F2E8239BF9A900196029 /* MTKViewRecordable.swift */,
				633E7F1D238A6F61009A97CC /* PixelBufferProducer.swift */,
			);
			path = PixelBufferProducer;
			sourceTree = "<group>";
		};
		6383CDE32385B16400A69B08 = {
			isa = PBXGroup;
			children = (
				6383CDEE2385B16400A69B08 /* SCN Cyberstar */,
				6383CDED2385B16400A69B08 /* Products */,
				6383CE0A2385D40100A69B08 /* Frameworks */,
			);
			sourceTree = "<group>";
		};
		6383CDED2385B16400A69B08 /* Products */ = {
			isa = PBXGroup;
			children = (
				6383CDEC2385B16400A69B08 /* SCN Cyberstar.app */,
			);
			name = Products;
			sourceTree = "<group>";
		};
		6383CDEE2385B16400A69B08 /* SCN Cyberstar */ = {
			isa = PBXGroup;
			children = (
				63B817C2238EECBE006846C8 /* gltfmtl */,
				63B81799238D961D006846C8 /* Metal classes */,
				633E7F14238971BB009A97CC /* PixelBufferProducer */,
				6383CDEF2385B16400A69B08 /* AppDelegate.swift */,
				6383CDF12385B16400A69B08 /* art.scnassets */,
				6383CDF32385B16400A69B08 /* ViewController.swift */,
				6383CE122385D99B00A69B08 /* Node.swift */,
				6383CE042385B98C00A69B08 /* FocusSquare.swift */,
				6383CE032385B98C00A69B08 /* FocusSquareSegment.swift */,
				6383CE072385C39200A69B08 /* Extensions.swift */,
				6383CDF52385B16400A69B08 /* Main.storyboard */,
				6383CDF82385B16500A69B08 /* Assets.xcassets */,
				6383CDFA2385B16500A69B08 /* LaunchScreen.storyboard */,
				6383CDFD2385B16500A69B08 /* Info.plist */,
				63B817A0238D9892006846C8 /* SCN-Cyberstar-Bridging-Header.h */,
			);
			path = "SCN Cyberstar";
			sourceTree = "<group>";
		};
		6383CE0A2385D40100A69B08 /* Frameworks */ = {
			isa = PBXGroup;
			children = (
				6383CE0B2385D40100A69B08 /* GLTF.framework */,
				6383CE0C2385D40100A69B08 /* GLTFSCN.framework */,
			);
			name = Frameworks;
			sourceTree = "<group>";
		};
		63B81799238D961D006846C8 /* Metal classes */ = {
			isa = PBXGroup;
			children = (
				631510812397B063007C5425 /* brdf.metal */,
				6315107F2397B063007C5425 /* hdr.metal */,
				631510802397B063007C5425 /* skybox.metal */,
				63B8179A238D9684006846C8 /* Renderer.swift */,
				63B0F2EA239BFBF200196029 /* Renderer+Animations.swift */,
				63B8179B238D9684006846C8 /* Shaders.metal */,
				63B81797238D959B006846C8 /* MetalViewController.swift */,
				63B8179F238D9874006846C8 /* ShaderTypes.h */,
				63B0F334239F8F8A00196029 /* BlinnPhong.metal */,
			);
			path = "Metal classes";
			sourceTree = "<group>";
		};
		63B817C2238EECBE006846C8 /* gltfmtl */ = {
			isa = PBXGroup;
			children = (
				63B817D7238EECDF006846C8 /* GLTFMTL.h */,
				63B817C3238EECD8006846C8 /* Headers */,
				63B817CA238EECD8006846C8 /* Source */,
			);
			path = gltfmtl;
			sourceTree = "<group>";
		};
		63B817C3238EECD8006846C8 /* Headers */ = {
			isa = PBXGroup;
			children = (
				63B817C4238EECD8006846C8 /* GLTFMTLShaderBuilder.h */,
				63B817C5238EECD8006846C8 /* GLTFMTLTextureLoader.h */,
				63B817C6238EECD8006846C8 /* GLTFMTLBufferAllocator.h */,
				63B817C7238EECD8006846C8 /* GLTFMTLUtilities.h */,
				63B817C8238EECD8006846C8 /* GLTFMTLRenderer.h */,
				63B817C9238EECD8006846C8 /* GLTFMTLLightingEnvironment.h */,
			);
			path = Headers;
			sourceTree = "<group>";
		};
		63B817CA238EECD8006846C8 /* Source */ = {
			isa = PBXGroup;
			children = (
				63B817CB238EECD8006846C8 /* GLTFMTLUtilities.m */,
				63B817CC238EECD8006846C8 /* GLTFMTLRenderer.m */,
				63B817CD238EECD8006846C8 /* GLTFMTLLightingEnvironment.m */,
				63B817CE238EECD8006846C8 /* GLTFMTLTextureLoader.m */,
				63B817CF238EECD8006846C8 /* GLTFMTLShaderBuilder.m */,
				63B817D0238EECD8006846C8 /* GLTFMTLBufferAllocator.m */,
			);
			path = Source;
			sourceTree = "<group>";
		};
/* End PBXGroup section */

/* Begin PBXNativeTarget section */
		6383CDEB2385B16400A69B08 /* SCN Cyberstar */ = {
			isa = PBXNativeTarget;
			buildConfigurationList = 6383CE002385B16500A69B08 /* Build configuration list for PBXNativeTarget "SCN Cyberstar" */;
			buildPhases = (
				6383CDE82385B16400A69B08 /* Sources */,
				6383CDE92385B16400A69B08 /* Frameworks */,
				6383CDEA2385B16400A69B08 /* Resources */,
				6383CE112385D40100A69B08 /* Embed Frameworks */,
			);
			buildRules = (
			);
			dependencies = (
			);
			name = "SCN Cyberstar";
			productName = "SCN Cyberstar";
			productReference = 6383CDEC2385B16400A69B08 /* SCN Cyberstar.app */;
			productType = "com.apple.product-type.application";
		};
/* End PBXNativeTarget section */

/* Begin PBXProject section */
		6383CDE42385B16400A69B08 /* Project object */ = {
			isa = PBXProject;
			attributes = {
				LastSwiftUpdateCheck = 1120;
				LastUpgradeCheck = 1120;
				ORGANIZATIONNAME = Snaappy;
				TargetAttributes = {
					6383CDEB2385B16400A69B08 = {
						CreatedOnToolsVersion = 11.2.1;
						LastSwiftMigration = 1120;
					};
				};
			};
			buildConfigurationList = 6383CDE72385B16400A69B08 /* Build configuration list for PBXProject "SCN Cyberstar" */;
			compatibilityVersion = "Xcode 9.3";
			developmentRegion = en;
			hasScannedForEncodings = 0;
			knownRegions = (
				en,
				Base,
			);
			mainGroup = 6383CDE32385B16400A69B08;
			productRefGroup = 6383CDED2385B16400A69B08 /* Products */;
			projectDirPath = "";
			projectRoot = "";
			targets = (
				6383CDEB2385B16400A69B08 /* SCN Cyberstar */,
			);
		};
/* End PBXProject section */

/* Begin PBXResourcesBuildPhase section */
		6383CDEA2385B16400A69B08 /* Resources */ = {
			isa = PBXResourcesBuildPhase;
			buildActionMask = 2147483647;
			files = (
				6383CDF22385B16400A69B08 /* art.scnassets in Resources */,
				6383CDFC2385B16500A69B08 /* LaunchScreen.storyboard in Resources */,
				6383CDF92385B16500A69B08 /* Assets.xcassets in Resources */,
				6383CDF72385B16400A69B08 /* Main.storyboard in Resources */,
			);
			runOnlyForDeploymentPostprocessing = 0;
		};
/* End PBXResourcesBuildPhase section */

/* Begin PBXSourcesBuildPhase section */
		6383CDE82385B16400A69B08 /* Sources */ = {
			isa = PBXSourcesBuildPhase;
			buildActionMask = 2147483647;
			files = (
				63B0F335239F8F8A00196029 /* BlinnPhong.metal in Sources */,
				63B817D3238EECD8006846C8 /* GLTFMTLLightingEnvironment.m in Sources */,
				631510832397B064007C5425 /* skybox.metal in Sources */,
				63B0F2E9239BF9A900196029 /* MTKViewRecordable.swift in Sources */,
				63B0F2EB239BFBF200196029 /* Renderer+Animations.swift in Sources */,
				631510822397B064007C5425 /* hdr.metal in Sources */,
				6383CE082385C39200A69B08 /* Extensions.swift in Sources */,
				633E7F1E238A6F61009A97CC /* PixelBufferProducer.swift in Sources */,
				631510842397B064007C5425 /* brdf.metal in Sources */,
				63B81798238D959B006846C8 /* MetalViewController.swift in Sources */,
				63B817D1238EECD8006846C8 /* GLTFMTLUtilities.m in Sources */,
				633E7F16238971DA009A97CC /* MetalPixelBufferProducer.swift in Sources */,
				63B817D6238EECD8006846C8 /* GLTFMTLBufferAllocator.m in Sources */,
				6383CDF42385B16400A69B08 /* ViewController.swift in Sources */,
				63B817D4238EECD8006846C8 /* GLTFMTLTextureLoader.m in Sources */,
				63B8179D238D9684006846C8 /* Renderer.swift in Sources */,
				6383CE062385B98C00A69B08 /* FocusSquare.swift in Sources */,
				633E7F1A238973D6009A97CC /* MTLPixelFormat.swift in Sources */,
				63B8179E238D9684006846C8 /* Shaders.metal in Sources */,
				6383CE132385D99B00A69B08 /* Node.swift in Sources */,
				6383CE052385B98C00A69B08 /* FocusSquareSegment.swift in Sources */,
				633E7F18238972A1009A97CC /* CAMetalRecordableLayer.swift in Sources */,
				6383CDF02385B16400A69B08 /* AppDelegate.swift in Sources */,
				63B817D5238EECD8006846C8 /* GLTFMTLShaderBuilder.m in Sources */,
				633E7F1C2389750C009A97CC /* ARSCNViewRecordable.swift in Sources */,
				63B817D2238EECD8006846C8 /* GLTFMTLRenderer.m in Sources */,
			);
			runOnlyForDeploymentPostprocessing = 0;
		};
/* End PBXSourcesBuildPhase section */

/* Begin PBXVariantGroup section */
		6383CDF52385B16400A69B08 /* Main.storyboard */ = {
			isa = PBXVariantGroup;
			children = (
				6383CDF62385B16400A69B08 /* Base */,
			);
			name = Main.storyboard;
			sourceTree = "<group>";
		};
		6383CDFA2385B16500A69B08 /* LaunchScreen.storyboard */ = {
			isa = PBXVariantGroup;
			children = (
				6383CDFB2385B16500A69B08 /* Base */,
			);
			name = LaunchScreen.storyboard;
			sourceTree = "<group>";
		};
/* End PBXVariantGroup section */

/* Begin XCBuildConfiguration section */
		6383CDFE2385B16500A69B08 /* Debug */ = {
			isa = XCBuildConfiguration;
			buildSettings = {
				ALWAYS_SEARCH_USER_PATHS = NO;
				CLANG_ANALYZER_NONNULL = YES;
				CLANG_ANALYZER_NUMBER_OBJECT_CONVERSION = YES_AGGRESSIVE;
				CLANG_CXX_LANGUAGE_STANDARD = "gnu++14";
				CLANG_CXX_LIBRARY = "libc++";
				CLANG_ENABLE_MODULES = YES;
				CLANG_ENABLE_OBJC_ARC = YES;
				CLANG_ENABLE_OBJC_WEAK = YES;
				CLANG_WARN_BLOCK_CAPTURE_AUTORELEASING = YES;
				CLANG_WARN_BOOL_CONVERSION = YES;
				CLANG_WARN_COMMA = YES;
				CLANG_WARN_CONSTANT_CONVERSION = YES;
				CLANG_WARN_DEPRECATED_OBJC_IMPLEMENTATIONS = YES;
				CLANG_WARN_DIRECT_OBJC_ISA_USAGE = YES_ERROR;
				CLANG_WARN_DOCUMENTATION_COMMENTS = YES;
				CLANG_WARN_EMPTY_BODY = YES;
				CLANG_WARN_ENUM_CONVERSION = YES;
				CLANG_WARN_INFINITE_RECURSION = YES;
				CLANG_WARN_INT_CONVERSION = YES;
				CLANG_WARN_NON_LITERAL_NULL_CONVERSION = YES;
				CLANG_WARN_OBJC_IMPLICIT_RETAIN_SELF = YES;
				CLANG_WARN_OBJC_LITERAL_CONVERSION = YES;
				CLANG_WARN_OBJC_ROOT_CLASS = YES_ERROR;
				CLANG_WARN_RANGE_LOOP_ANALYSIS = YES;
				CLANG_WARN_STRICT_PROTOTYPES = YES;
				CLANG_WARN_SUSPICIOUS_MOVE = YES;
				CLANG_WARN_UNGUARDED_AVAILABILITY = YES_AGGRESSIVE;
				CLANG_WARN_UNREACHABLE_CODE = YES;
				CLANG_WARN__DUPLICATE_METHOD_MATCH = YES;
				COPY_PHASE_STRIP = NO;
				DEBUG_INFORMATION_FORMAT = dwarf;
				ENABLE_STRICT_OBJC_MSGSEND = YES;
				ENABLE_TESTABILITY = YES;
				GCC_C_LANGUAGE_STANDARD = gnu11;
				GCC_DYNAMIC_NO_PIC = NO;
				GCC_NO_COMMON_BLOCKS = YES;
				GCC_OPTIMIZATION_LEVEL = 0;
				GCC_PREPROCESSOR_DEFINITIONS = (
					"DEBUG=1",
					"$(inherited)",
				);
				GCC_WARN_64_TO_32_BIT_CONVERSION = YES;
				GCC_WARN_ABOUT_RETURN_TYPE = YES_ERROR;
				GCC_WARN_UNDECLARED_SELECTOR = YES;
				GCC_WARN_UNINITIALIZED_AUTOS = YES_AGGRESSIVE;
				GCC_WARN_UNUSED_FUNCTION = YES;
				GCC_WARN_UNUSED_VARIABLE = YES;
				IPHONEOS_DEPLOYMENT_TARGET = 13.2;
				MTL_ENABLE_DEBUG_INFO = INCLUDE_SOURCE;
				MTL_FAST_MATH = YES;
				ONLY_ACTIVE_ARCH = YES;
				SDKROOT = iphoneos;
				SWIFT_ACTIVE_COMPILATION_CONDITIONS = DEBUG;
				SWIFT_OPTIMIZATION_LEVEL = "-Onone";
			};
			name = Debug;
		};
		6383CDFF2385B16500A69B08 /* Release */ = {
			isa = XCBuildConfiguration;
			buildSettings = {
				ALWAYS_SEARCH_USER_PATHS = NO;
				CLANG_ANALYZER_NONNULL = YES;
				CLANG_ANALYZER_NUMBER_OBJECT_CONVERSION = YES_AGGRESSIVE;
				CLANG_CXX_LANGUAGE_STANDARD = "gnu++14";
				CLANG_CXX_LIBRARY = "libc++";
				CLANG_ENABLE_MODULES = YES;
				CLANG_ENABLE_OBJC_ARC = YES;
				CLANG_ENABLE_OBJC_WEAK = YES;
				CLANG_WARN_BLOCK_CAPTURE_AUTORELEASING = YES;
				CLANG_WARN_BOOL_CONVERSION = YES;
				CLANG_WARN_COMMA = YES;
				CLANG_WARN_CONSTANT_CONVERSION = YES;
				CLANG_WARN_DEPRECATED_OBJC_IMPLEMENTATIONS = YES;
				CLANG_WARN_DIRECT_OBJC_ISA_USAGE = YES_ERROR;
				CLANG_WARN_DOCUMENTATION_COMMENTS = YES;
				CLANG_WARN_EMPTY_BODY = YES;
				CLANG_WARN_ENUM_CONVERSION = YES;
				CLANG_WARN_INFINITE_RECURSION = YES;
				CLANG_WARN_INT_CONVERSION = YES;
				CLANG_WARN_NON_LITERAL_NULL_CONVERSION = YES;
				CLANG_WARN_OBJC_IMPLICIT_RETAIN_SELF = YES;
				CLANG_WARN_OBJC_LITERAL_CONVERSION = YES;
				CLANG_WARN_OBJC_ROOT_CLASS = YES_ERROR;
				CLANG_WARN_RANGE_LOOP_ANALYSIS = YES;
				CLANG_WARN_STRICT_PROTOTYPES = YES;
				CLANG_WARN_SUSPICIOUS_MOVE = YES;
				CLANG_WARN_UNGUARDED_AVAILABILITY = YES_AGGRESSIVE;
				CLANG_WARN_UNREACHABLE_CODE = YES;
				CLANG_WARN__DUPLICATE_METHOD_MATCH = YES;
				COPY_PHASE_STRIP = NO;
				DEBUG_INFORMATION_FORMAT = "dwarf-with-dsym";
				ENABLE_NS_ASSERTIONS = NO;
				ENABLE_STRICT_OBJC_MSGSEND = YES;
				GCC_C_LANGUAGE_STANDARD = gnu11;
				GCC_NO_COMMON_BLOCKS = YES;
				GCC_WARN_64_TO_32_BIT_CONVERSION = YES;
				GCC_WARN_ABOUT_RETURN_TYPE = YES_ERROR;
				GCC_WARN_UNDECLARED_SELECTOR = YES;
				GCC_WARN_UNINITIALIZED_AUTOS = YES_AGGRESSIVE;
				GCC_WARN_UNUSED_FUNCTION = YES;
				GCC_WARN_UNUSED_VARIABLE = YES;
				IPHONEOS_DEPLOYMENT_TARGET = 13.2;
				MTL_ENABLE_DEBUG_INFO = NO;
				MTL_FAST_MATH = YES;
				SDKROOT = iphoneos;
				SWIFT_COMPILATION_MODE = wholemodule;
				SWIFT_OPTIMIZATION_LEVEL = "-O";
				VALIDATE_PRODUCT = YES;
			};
			name = Release;
		};
		6383CE012385B16500A69B08 /* Debug */ = {
			isa = XCBuildConfiguration;
			buildSettings = {
				ASSETCATALOG_COMPILER_APPICON_NAME = AppIcon;
				CLANG_ENABLE_MODULES = YES;
				CLANG_WARN_DEPRECATED_OBJC_IMPLEMENTATIONS = NO;
				CODE_SIGN_STYLE = Automatic;
				DEVELOPMENT_TEAM = 9JU8525BHK;
				FRAMEWORK_SEARCH_PATHS = (
					"$(inherited)",
					"$(PROJECT_DIR)",
				);
				GCC_WARN_ABOUT_DEPRECATED_FUNCTIONS = NO;
				INFOPLIST_FILE = "SCN Cyberstar/Info.plist";
				IPHONEOS_DEPLOYMENT_TARGET = 12.0;
				LD_RUNPATH_SEARCH_PATHS = (
					"$(inherited)",
					"@executable_path/Frameworks",
				);
				PRODUCT_BUNDLE_IDENTIFIER = "com.dreval.SCN-Cyberstar";
				PRODUCT_NAME = "$(TARGET_NAME)";
				SWIFT_OBJC_BRIDGING_HEADER = "SCN Cyberstar/SCN-Cyberstar-Bridging-Header.h";
				SWIFT_OPTIMIZATION_LEVEL = "-Onone";
				SWIFT_VERSION = 5.0;
				TARGETED_DEVICE_FAMILY = "1,2";
			};
			name = Debug;
		};
		6383CE022385B16500A69B08 /* Release */ = {
			isa = XCBuildConfiguration;
			buildSettings = {
				ASSETCATALOG_COMPILER_APPICON_NAME = AppIcon;
				CLANG_ENABLE_MODULES = YES;
				CLANG_WARN_DEPRECATED_OBJC_IMPLEMENTATIONS = NO;
				CODE_SIGN_STYLE = Automatic;
				DEVELOPMENT_TEAM = 9JU8525BHK;
				FRAMEWORK_SEARCH_PATHS = (
					"$(inherited)",
					"$(PROJECT_DIR)",
				);
				GCC_WARN_ABOUT_DEPRECATED_FUNCTIONS = NO;
				INFOPLIST_FILE = "SCN Cyberstar/Info.plist";
				IPHONEOS_DEPLOYMENT_TARGET = 12.0;
				LD_RUNPATH_SEARCH_PATHS = (
					"$(inherited)",
					"@executable_path/Frameworks",
				);
				PRODUCT_BUNDLE_IDENTIFIER = "com.dreval.SCN-Cyberstar";
				PRODUCT_NAME = "$(TARGET_NAME)";
				SWIFT_OBJC_BRIDGING_HEADER = "SCN Cyberstar/SCN-Cyberstar-Bridging-Header.h";
				SWIFT_VERSION = 5.0;
				TARGETED_DEVICE_FAMILY = "1,2";
			};
			name = Release;
		};
/* End XCBuildConfiguration section */

/* Begin XCConfigurationList section */
		6383CDE72385B16400A69B08 /* Build configuration list for PBXProject "SCN Cyberstar" */ = {
			isa = XCConfigurationList;
			buildConfigurations = (
				6383CDFE2385B16500A69B08 /* Debug */,
				6383CDFF2385B16500A69B08 /* Release */,
			);
			defaultConfigurationIsVisible = 0;
			defaultConfigurationName = Release;
		};
		6383CE002385B16500A69B08 /* Build configuration list for PBXNativeTarget "SCN Cyberstar" */ = {
			isa = XCConfigurationList;
			buildConfigurations = (
				6383CE012385B16500A69B08 /* Debug */,
				6383CE022385B16500A69B08 /* Release */,
			);
			defaultConfigurationIsVisible = 0;
			defaultConfigurationName = Release;
		};
/* End XCConfigurationList section */
	};
	rootObject = 6383CDE42385B16400A69B08 /* Project object */;
}
